
Microsoft Visual Studio Solution File, Format Version 12.00
# Visual Studio Version 16
VisualStudioVersion = 16.0.31624.102
MinimumVisualStudioVersion = 10.0.40219.1
Project("{FAE04EC0-301F-11D3-BF4B-00C04F79EFBC}") = "simpleInteration", "simpleInteration\simpleInteration.csproj", "{9E967795-57AA-47D1-A1A9-CBFC98C67AA2}"
EndProject
Global
	GlobalSection(SolutionConfigurationPlatforms) = preSolution
		Debug|Any CPU = Debug|Any CPU
		Release|Any CPU = Release|Any CPU
	EndGlobalSection
	GlobalSection(ProjectConfigurationPlatforms) = postSolution
		{9E967795-57AA-47D1-A1A9-CBFC98C67AA2}.Debug|Any CPU.ActiveCfg = Debug|Any CPU
		{9E967795-57AA-47D1-A1A9-CBFC98C67AA2}.Debug|Any CPU.Build.0 = Debug|Any CPU
		{9E967795-57AA-47D1-A1A9-CBFC98C67AA2}.Release|Any CPU.ActiveCfg = Release|Any CPU
		{9E967795-57AA-47D1-A1A9-CBFC98C67AA2}.Release|Any CPU.Build.0 = Release|Any CPU
	EndGlobalSection
	GlobalSection(SolutionProperties) = preSolution
		HideSolutionNode = FALSE
	EndGlobalSection
	GlobalSection(ExtensibilityGlobals) = postSolution
		SolutionGuid = {62494959-3B50-44CB-85CE-D5596F337FE1}
	EndGlobalSection
EndGlobal
